
Microsoft Visual Studio Solution File, Format Version 10.00
# Visual Studio 2008
Project("{FAE04EC0-301F-11D3-BF4B-00C04F79EFBC}") = "cir.PeerComm.Common", "cir.PeerComm.Common\cir.PeerComm.Common.csproj", "{F006A431-09E0-4770-AF0F-16457AB62DBA}"
EndProject
Global
	GlobalSection(SourceCodeControl) = preSolution
		SccNumberOfProjects = 2
		SccProjectName0 = cir.PeerComm
		SccLocalPath0 = .
		SccProvider0 = MSSCCI:TortoiseSVNSCC
		CanCheckoutShared = true
		SccProjectUniqueName1 = cir.PeerComm.Common\\cir.PeerComm.Common.csproj
		SccLocalPath1 = .
		CanCheckoutShared = true
		SccProjectFilePathRelativizedFromConnection1 = cir.PeerComm.Common\\
	EndGlobalSection
	GlobalSection(SolutionConfigurationPlatforms) = preSolution
		Debug|Any CPU = Debug|Any CPU
		Release|Any CPU = Release|Any CPU
	EndGlobalSection
	GlobalSection(ProjectConfigurationPlatforms) = postSolution
		{F006A431-09E0-4770-AF0F-16457AB62DBA}.Debug|Any CPU.ActiveCfg = Debug|Any CPU
		{F006A431-09E0-4770-AF0F-16457AB62DBA}.Debug|Any CPU.Build.0 = Debug|Any CPU
		{F006A431-09E0-4770-AF0F-16457AB62DBA}.Release|Any CPU.ActiveCfg = Release|Any CPU
		{F006A431-09E0-4770-AF0F-16457AB62DBA}.Release|Any CPU.Build.0 = Release|Any CPU
	EndGlobalSection
	GlobalSection(SolutionProperties) = preSolution
		HideSolutionNode = FALSE
	EndGlobalSection
EndGlobal
